
Microsoft Visual Studio Solution File, Format Version 12.00
# Visual Studio 15
VisualStudioVersion = 15.0.26124.0
MinimumVisualStudioVersion = 15.0.26124.0
Project("{FAE04EC0-301F-11D3-BF4B-00C04F79EFBC}") = "Sales.Api", "Sales.Api\Sales.Api.csproj", "{FF44F9A8-B898-40AA-8FDC-415A166F885C}"
EndProject
Project("{FAE04EC0-301F-11D3-BF4B-00C04F79EFBC}") = "Sales.Data", "Sales.Data\Sales.Data.csproj", "{5187BBB6-8F43-4919-A1B1-7AD34B7D640D}"
EndProject
Project("{FAE04EC0-301F-11D3-BF4B-00C04F79EFBC}") = "Sales.Data.Mongo", "Sales.Data.Mongo\Sales.Data.Mongo.csproj", "{7C7D6BA8-5220-48F5-9DE7-1C22B3121E38}"
EndProject
Project("{FAE04EC0-301F-11D3-BF4B-00C04F79EFBC}") = "Sales.Authentication.Mongo", "Sales.Authentication.Mongo\Sales.Authentication.Mongo.csproj", "{3052B0CE-4BF5-4BA0-8821-4B3B238428E6}"
EndProject
Global
	GlobalSection(SolutionConfigurationPlatforms) = preSolution
		Debug|Any CPU = Debug|Any CPU
		Debug|x64 = Debug|x64
		Debug|x86 = Debug|x86
		Release|Any CPU = Release|Any CPU
		Release|x64 = Release|x64
		Release|x86 = Release|x86
	EndGlobalSection
	GlobalSection(SolutionProperties) = preSolution
		HideSolutionNode = FALSE
	EndGlobalSection
	GlobalSection(ProjectConfigurationPlatforms) = postSolution
		{FF44F9A8-B898-40AA-8FDC-415A166F885C}.Debug|Any CPU.ActiveCfg = Debug|Any CPU
		{FF44F9A8-B898-40AA-8FDC-415A166F885C}.Debug|Any CPU.Build.0 = Debug|Any CPU
		{FF44F9A8-B898-40AA-8FDC-415A166F885C}.Debug|x64.ActiveCfg = Debug|Any CPU
		{FF44F9A8-B898-40AA-8FDC-415A166F885C}.Debug|x64.Build.0 = Debug|Any CPU
		{FF44F9A8-B898-40AA-8FDC-415A166F885C}.Debug|x86.ActiveCfg = Debug|Any CPU
		{FF44F9A8-B898-40AA-8FDC-415A166F885C}.Debug|x86.Build.0 = Debug|Any CPU
		{FF44F9A8-B898-40AA-8FDC-415A166F885C}.Release|Any CPU.ActiveCfg = Release|Any CPU
		{FF44F9A8-B898-40AA-8FDC-415A166F885C}.Release|Any CPU.Build.0 = Release|Any CPU
		{FF44F9A8-B898-40AA-8FDC-415A166F885C}.Release|x64.ActiveCfg = Release|Any CPU
		{FF44F9A8-B898-40AA-8FDC-415A166F885C}.Release|x64.Build.0 = Release|Any CPU
		{FF44F9A8-B898-40AA-8FDC-415A166F885C}.Release|x86.ActiveCfg = Release|Any CPU
		{FF44F9A8-B898-40AA-8FDC-415A166F885C}.Release|x86.Build.0 = Release|Any CPU
		{9F425055-0D5D-4E91-B8F6-13F9D2981086}.Debug|Any CPU.ActiveCfg = Debug|Any CPU
		{9F425055-0D5D-4E91-B8F6-13F9D2981086}.Debug|Any CPU.Build.0 = Debug|Any CPU
		{9F425055-0D5D-4E91-B8F6-13F9D2981086}.Debug|x64.ActiveCfg = Debug|Any CPU
		{9F425055-0D5D-4E91-B8F6-13F9D2981086}.Debug|x64.Build.0 = Debug|Any CPU
		{9F425055-0D5D-4E91-B8F6-13F9D2981086}.Debug|x86.ActiveCfg = Debug|Any CPU
		{9F425055-0D5D-4E91-B8F6-13F9D2981086}.Debug|x86.Build.0 = Debug|Any CPU
		{9F425055-0D5D-4E91-B8F6-13F9D2981086}.Release|Any CPU.ActiveCfg = Release|Any CPU
		{9F425055-0D5D-4E91-B8F6-13F9D2981086}.Release|Any CPU.Build.0 = Release|Any CPU
		{9F425055-0D5D-4E91-B8F6-13F9D2981086}.Release|x64.ActiveCfg = Release|Any CPU
		{9F425055-0D5D-4E91-B8F6-13F9D2981086}.Release|x64.Build.0 = Release|Any CPU
		{9F425055-0D5D-4E91-B8F6-13F9D2981086}.Release|x86.ActiveCfg = Release|Any CPU
		{9F425055-0D5D-4E91-B8F6-13F9D2981086}.Release|x86.Build.0 = Release|Any CPU
		{5187BBB6-8F43-4919-A1B1-7AD34B7D640D}.Debug|Any CPU.ActiveCfg = Debug|Any CPU
		{5187BBB6-8F43-4919-A1B1-7AD34B7D640D}.Debug|Any CPU.Build.0 = Debug|Any CPU
		{5187BBB6-8F43-4919-A1B1-7AD34B7D640D}.Debug|x64.ActiveCfg = Debug|Any CPU
		{5187BBB6-8F43-4919-A1B1-7AD34B7D640D}.Debug|x64.Build.0 = Debug|Any CPU
		{5187BBB6-8F43-4919-A1B1-7AD34B7D640D}.Debug|x86.ActiveCfg = Debug|Any CPU
		{5187BBB6-8F43-4919-A1B1-7AD34B7D640D}.Debug|x86.Build.0 = Debug|Any CPU
		{5187BBB6-8F43-4919-A1B1-7AD34B7D640D}.Release|Any CPU.ActiveCfg = Release|Any CPU
		{5187BBB6-8F43-4919-A1B1-7AD34B7D640D}.Release|Any CPU.Build.0 = Release|Any CPU
		{5187BBB6-8F43-4919-A1B1-7AD34B7D640D}.Release|x64.ActiveCfg = Release|Any CPU
		{5187BBB6-8F43-4919-A1B1-7AD34B7D640D}.Release|x64.Build.0 = Release|Any CPU
		{5187BBB6-8F43-4919-A1B1-7AD34B7D640D}.Release|x86.ActiveCfg = Release|Any CPU
		{5187BBB6-8F43-4919-A1B1-7AD34B7D640D}.Release|x86.Build.0 = Release|Any CPU
		{7C7D6BA8-5220-48F5-9DE7-1C22B3121E38}.Debug|Any CPU.ActiveCfg = Debug|Any CPU
		{7C7D6BA8-5220-48F5-9DE7-1C22B3121E38}.Debug|Any CPU.Build.0 = Debug|Any CPU
		{7C7D6BA8-5220-48F5-9DE7-1C22B3121E38}.Debug|x64.ActiveCfg = Debug|Any CPU
		{7C7D6BA8-5220-48F5-9DE7-1C22B3121E38}.Debug|x64.Build.0 = Debug|Any CPU
		{7C7D6BA8-5220-48F5-9DE7-1C22B3121E38}.Debug|x86.ActiveCfg = Debug|Any CPU
		{7C7D6BA8-5220-48F5-9DE7-1C22B3121E38}.Debug|x86.Build.0 = Debug|Any CPU
		{7C7D6BA8-5220-48F5-9DE7-1C22B3121E38}.Release|Any CPU.ActiveCfg = Release|Any CPU
		{7C7D6BA8-5220-48F5-9DE7-1C22B3121E38}.Release|Any CPU.Build.0 = Release|Any CPU
		{7C7D6BA8-5220-48F5-9DE7-1C22B3121E38}.Release|x64.ActiveCfg = Release|Any CPU
		{7C7D6BA8-5220-48F5-9DE7-1C22B3121E38}.Release|x64.Build.0 = Release|Any CPU
		{7C7D6BA8-5220-48F5-9DE7-1C22B3121E38}.Release|x86.ActiveCfg = Release|Any CPU
		{7C7D6BA8-5220-48F5-9DE7-1C22B3121E38}.Release|x86.Build.0 = Release|Any CPU
		{3052B0CE-4BF5-4BA0-8821-4B3B238428E6}.Debug|Any CPU.ActiveCfg = Debug|Any CPU
		{3052B0CE-4BF5-4BA0-8821-4B3B238428E6}.Debug|Any CPU.Build.0 = Debug|Any CPU
		{3052B0CE-4BF5-4BA0-8821-4B3B238428E6}.Debug|x64.ActiveCfg = Debug|Any CPU
		{3052B0CE-4BF5-4BA0-8821-4B3B238428E6}.Debug|x64.Build.0 = Debug|Any CPU
		{3052B0CE-4BF5-4BA0-8821-4B3B238428E6}.Debug|x86.ActiveCfg = Debug|Any CPU
		{3052B0CE-4BF5-4BA0-8821-4B3B238428E6}.Debug|x86.Build.0 = Debug|Any CPU
		{3052B0CE-4BF5-4BA0-8821-4B3B238428E6}.Release|Any CPU.ActiveCfg = Release|Any CPU
		{3052B0CE-4BF5-4BA0-8821-4B3B238428E6}.Release|Any CPU.Build.0 = Release|Any CPU
		{3052B0CE-4BF5-4BA0-8821-4B3B238428E6}.Release|x64.ActiveCfg = Release|Any CPU
		{3052B0CE-4BF5-4BA0-8821-4B3B238428E6}.Release|x64.Build.0 = Release|Any CPU
		{3052B0CE-4BF5-4BA0-8821-4B3B238428E6}.Release|x86.ActiveCfg = Release|Any CPU
		{3052B0CE-4BF5-4BA0-8821-4B3B238428E6}.Release|x86.Build.0 = Release|Any CPU
	EndGlobalSection
EndGlobal
